
Microsoft Visual Studio Solution File, Format Version 12.00
# Visual Studio Version 17
VisualStudioVersion = 17.9.34723.18
MinimumVisualStudioVersion = 10.0.40219.1
Project("{8BC9CEB8-8B4A-11D0-8D11-00A0C91BC942}") = "QtFfplayer", "QtFfplayer\QtFfplayer.vcxproj", "{2867FA5C-F279-480F-BC11-8ECD92610947}"
EndProject
Global
	GlobalSection(SolutionConfigurationPlatforms) = preSolution
		Debug|x64 = Debug|x64
		Release|x64 = Release|x64
	EndGlobalSection
	GlobalSection(ProjectConfigurationPlatforms) = postSolution
		{2867FA5C-F279-480F-BC11-8ECD92610947}.Debug|x64.ActiveCfg = Debug|x64
		{2867FA5C-F279-480F-BC11-8ECD92610947}.Debug|x64.Build.0 = Debug|x64
		{2867FA5C-F279-480F-BC11-8ECD92610947}.Release|x64.ActiveCfg = Release|x64
		{2867FA5C-F279-480F-BC11-8ECD92610947}.Release|x64.Build.0 = Release|x64
	EndGlobalSection
	GlobalSection(SolutionProperties) = preSolution
		HideSolutionNode = FALSE
	EndGlobalSection
	GlobalSection(ExtensibilityGlobals) = postSolution
		SolutionGuid = {4A7AC3B2-EFDE-4E0C-B7CC-D84050505F2B}
	EndGlobalSection
EndGlobal
